// !$*UTF8*$!
{
	archiveVersion = 1;
	classes = {
	};
	objectVersion = 50;
	objects = {

/* Begin PBXBuildFile section */
		A8646EB420BB9CEF00B7FCE9 /* AppDelegate.m in Sources */ = {isa = PBXBuildFile; fileRef = A8646EB320BB9CEF00B7FCE9 /* AppDelegate.m */; };
		A8646EB720BB9CEF00B7FCE9 /* ViewController.m in Sources */ = {isa = PBXBuildFile; fileRef = A8646EB620BB9CEF00B7FCE9 /* ViewController.m */; };
		A8646EBA20BB9CEF00B7FCE9 /* Main.storyboard in Resources */ = {isa = PBXBuildFile; fileRef = A8646EB820BB9CEF00B7FCE9 /* Main.storyboard */; };
		A8646EBC20BB9CF000B7FCE9 /* Assets.xcassets in Resources */ = {isa = PBXBuildFile; fileRef = A8646EBB20BB9CF000B7FCE9 /* Assets.xcassets */; };
		A8646EBF20BB9CF000B7FCE9 /* LaunchScreen.storyboard in Resources */ = {isa = PBXBuildFile; fileRef = A8646EBD20BB9CF000B7FCE9 /* LaunchScreen.storyboard */; };
		A8646EC220BB9CF000B7FCE9 /* main.m in Sources */ = {isa = PBXBuildFile; fileRef = A8646EC120BB9CF000B7FCE9 /* main.m */; };
		A8646ECB20BB9D6700B7FCE9 /* LDPagesViewController.m in Sources */ = {isa = PBXBuildFile; fileRef = A8646ECA20BB9D6700B7FCE9 /* LDPagesViewController.m */; };
		A8646ED420BBC1B800B7FCE9 /* UIColor+Tool.m in Sources */ = {isa = PBXBuildFile; fileRef = A8646ED320BBC1B800B7FCE9 /* UIColor+Tool.m */; };
		A8646EDA20BBEF3100B7FCE9 /* QTHomeViewController.m in Sources */ = {isa = PBXBuildFile; fileRef = A8646ED920BBEF3100B7FCE9 /* QTHomeViewController.m */; };
		A8646EF620BBF0B000B7FCE9 /* UIDevice+Tool.m in Sources */ = {isa = PBXBuildFile; fileRef = A8646EF520BBF0B000B7FCE9 /* UIDevice+Tool.m */; };
		A8646EFA20BD096E00B7FCE9 /* TableViewController.m in Sources */ = {isa = PBXBuildFile; fileRef = A8646EF920BD096E00B7FCE9 /* TableViewController.m */; };
		A8646EFE20BD107D00B7FCE9 /* LDMenuView.m in Sources */ = {isa = PBXBuildFile; fileRef = A8646EFD20BD107D00B7FCE9 /* LDMenuView.m */; };
		A8646F0120BD108D00B7FCE9 /* LDMenuItemLabel.m in Sources */ = {isa = PBXBuildFile; fileRef = A8646F0020BD108D00B7FCE9 /* LDMenuItemLabel.m */; };
/* End PBXBuildFile section */

/* Begin PBXFileReference section */
		A8646EAF20BB9CEF00B7FCE9 /* LDPagesViewController.app */ = {isa = PBXFileReference; explicitFileType = wrapper.application; includeInIndex = 0; path = LDPagesViewController.app; sourceTree = BUILT_PRODUCTS_DIR; };
		A8646EB220BB9CEF00B7FCE9 /* AppDelegate.h */ = {isa = PBXFileReference; lastKnownFileType = sourcecode.c.h; path = AppDelegate.h; sourceTree = "<group>"; };
		A8646EB320BB9CEF00B7FCE9 /* AppDelegate.m */ = {isa = PBXFileReference; lastKnownFileType = sourcecode.c.objc; path = AppDelegate.m; sourceTree = "<group>"; };
		A8646EB520BB9CEF00B7FCE9 /* ViewController.h */ = {isa = PBXFileReference; lastKnownFileType = sourcecode.c.h; path = ViewController.h; sourceTree = "<group>"; };
		A8646EB620BB9CEF00B7FCE9 /* ViewController.m */ = {isa = PBXFileReference; lastKnownFileType = sourcecode.c.objc; path = ViewController.m; sourceTree = "<group>"; };
		A8646EB920BB9CEF00B7FCE9 /* Base */ = {isa = PBXFileReference; lastKnownFileType = file.storyboard; name = Base; path = Base.lproj/Main.storyboard; sourceTree = "<group>"; };
		A8646EBB20BB9CF000B7FCE9 /* Assets.xcassets */ = {isa = PBXFileReference; lastKnownFileType = folder.assetcatalog; path = Assets.xcassets; sourceTree = "<group>"; };
		A8646EBE20BB9CF000B7FCE9 /* Base */ = {isa = PBXFileReference; lastKnownFileType = file.storyboard; name = Base; path = Base.lproj/LaunchScreen.storyboard; sourceTree = "<group>"; };
		A8646EC020BB9CF000B7FCE9 /* Info.plist */ = {isa = PBXFileReference; lastKnownFileType = text.plist.xml; path = Info.plist; sourceTree = "<group>"; };
		A8646EC120BB9CF000B7FCE9 /* main.m */ = {isa = PBXFileReference; lastKnownFileType = sourcecode.c.objc; path = main.m; sourceTree = "<group>"; };
		A8646EC920BB9D6700B7FCE9 /* LDPagesViewController.h */ = {isa = PBXFileReference; lastKnownFileType = sourcecode.c.h; path = LDPagesViewController.h; sourceTree = "<group>"; };
		A8646ECA20BB9D6700B7FCE9 /* LDPagesViewController.m */ = {isa = PBXFileReference; lastKnownFileType = sourcecode.c.objc; path = LDPagesViewController.m; sourceTree = "<group>"; };
		A8646ED220BBC1B800B7FCE9 /* UIColor+Tool.h */ = {isa = PBXFileReference; lastKnownFileType = sourcecode.c.h; path = "UIColor+Tool.h"; sourceTree = "<group>"; };
		A8646ED320BBC1B800B7FCE9 /* UIColor+Tool.m */ = {isa = PBXFileReference; lastKnownFileType = sourcecode.c.objc; path = "UIColor+Tool.m"; sourceTree = "<group>"; };
		A8646ED820BBEF3100B7FCE9 /* QTHomeViewController.h */ = {isa = PBXFileReference; lastKnownFileType = sourcecode.c.h; path = QTHomeViewController.h; sourceTree = "<group>"; };
		A8646ED920BBEF3100B7FCE9 /* QTHomeViewController.m */ = {isa = PBXFileReference; lastKnownFileType = sourcecode.c.objc; path = QTHomeViewController.m; sourceTree = "<group>"; };
		A8646EF420BBF0B000B7FCE9 /* UIDevice+Tool.h */ = {isa = PBXFileReference; lastKnownFileType = sourcecode.c.h; path = "UIDevice+Tool.h"; sourceTree = "<group>"; };
		A8646EF520BBF0B000B7FCE9 /* UIDevice+Tool.m */ = {isa = PBXFileReference; lastKnownFileType = sourcecode.c.objc; path = "UIDevice+Tool.m"; sourceTree = "<group>"; };
		A8646EF720BBF0F900B7FCE9 /* PrefixHeader.pch */ = {isa = PBXFileReference; lastKnownFileType = sourcecode.c.h; path = PrefixHeader.pch; sourceTree = "<group>"; };
		A8646EF820BD096E00B7FCE9 /* TableViewController.h */ = {isa = PBXFileReference; lastKnownFileType = sourcecode.c.h; path = TableViewController.h; sourceTree = "<group>"; };
		A8646EF920BD096E00B7FCE9 /* TableViewController.m */ = {isa = PBXFileReference; lastKnownFileType = sourcecode.c.objc; path = TableViewController.m; sourceTree = "<group>"; };
		A8646EFC20BD107D00B7FCE9 /* LDMenuView.h */ = {isa = PBXFileReference; lastKnownFileType = sourcecode.c.h; path = LDMenuView.h; sourceTree = "<group>"; };
		A8646EFD20BD107D00B7FCE9 /* LDMenuView.m */ = {isa = PBXFileReference; lastKnownFileType = sourcecode.c.objc; path = LDMenuView.m; sourceTree = "<group>"; };
		A8646EFF20BD108D00B7FCE9 /* LDMenuItemLabel.h */ = {isa = PBXFileReference; lastKnownFileType = sourcecode.c.h; path = LDMenuItemLabel.h; sourceTree = "<group>"; };
		A8646F0020BD108D00B7FCE9 /* LDMenuItemLabel.m */ = {isa = PBXFileReference; lastKnownFileType = sourcecode.c.objc; path = LDMenuItemLabel.m; sourceTree = "<group>"; };
/* End PBXFileReference section */

/* Begin PBXFrameworksBuildPhase section */
		A8646EAC20BB9CEF00B7FCE9 /* Frameworks */ = {
			isa = PBXFrameworksBuildPhase;
			buildActionMask = 2147483647;
			files = (
			);
			runOnlyForDeploymentPostprocessing = 0;
		};
/* End PBXFrameworksBuildPhase section */

/* Begin PBXGroup section */
		A8646EA620BB9CEF00B7FCE9 = {
			isa = PBXGroup;
			children = (
				A8646EFB20BD106A00B7FCE9 /* LDMenu */,
				A8646ED020BBC1A200B7FCE9 /* Tool */,
				A8646EC820BB9D5100B7FCE9 /* LDPages */,
				A8646EB120BB9CEF00B7FCE9 /* LDPagesViewController */,
				A8646EB020BB9CEF00B7FCE9 /* Products */,
			);
			sourceTree = "<group>";
		};
		A8646EB020BB9CEF00B7FCE9 /* Products */ = {
			isa = PBXGroup;
			children = (
				A8646EAF20BB9CEF00B7FCE9 /* LDPagesViewController.app */,
			);
			name = Products;
			sourceTree = "<group>";
		};
		A8646EB120BB9CEF00B7FCE9 /* LDPagesViewController */ = {
			isa = PBXGroup;
			children = (
				A8646EB220BB9CEF00B7FCE9 /* AppDelegate.h */,
				A8646EB320BB9CEF00B7FCE9 /* AppDelegate.m */,
				A8646EB520BB9CEF00B7FCE9 /* ViewController.h */,
				A8646EB620BB9CEF00B7FCE9 /* ViewController.m */,
				A8646ED820BBEF3100B7FCE9 /* QTHomeViewController.h */,
				A8646ED920BBEF3100B7FCE9 /* QTHomeViewController.m */,
				A8646EB820BB9CEF00B7FCE9 /* Main.storyboard */,
				A8646EBB20BB9CF000B7FCE9 /* Assets.xcassets */,
				A8646EBD20BB9CF000B7FCE9 /* LaunchScreen.storyboard */,
				A8646EC020BB9CF000B7FCE9 /* Info.plist */,
				A8646EC120BB9CF000B7FCE9 /* main.m */,
				A8646EF720BBF0F900B7FCE9 /* PrefixHeader.pch */,
			);
			path = LDPagesViewController;
			sourceTree = "<group>";
		};
		A8646EC820BB9D5100B7FCE9 /* LDPages */ = {
			isa = PBXGroup;
			children = (
				A8646EC920BB9D6700B7FCE9 /* LDPagesViewController.h */,
				A8646ECA20BB9D6700B7FCE9 /* LDPagesViewController.m */,
				A8646EF820BD096E00B7FCE9 /* TableViewController.h */,
				A8646EF920BD096E00B7FCE9 /* TableViewController.m */,
			);
			path = LDPages;
			sourceTree = "<group>";
		};
		A8646ED020BBC1A200B7FCE9 /* Tool */ = {
			isa = PBXGroup;
			children = (
				A8646ED120BBC1A900B7FCE9 /* Category */,
			);
			path = Tool;
			sourceTree = "<group>";
		};
		A8646ED120BBC1A900B7FCE9 /* Category */ = {
			isa = PBXGroup;
			children = (
				A8646ED220BBC1B800B7FCE9 /* UIColor+Tool.h */,
				A8646ED320BBC1B800B7FCE9 /* UIColor+Tool.m */,
				A8646EF420BBF0B000B7FCE9 /* UIDevice+Tool.h */,
				A8646EF520BBF0B000B7FCE9 /* UIDevice+Tool.m */,
			);
			path = Category;
			sourceTree = "<group>";
		};
		A8646EFB20BD106A00B7FCE9 /* LDMenu */ = {
			isa = PBXGroup;
			children = (
				A8646EFC20BD107D00B7FCE9 /* LDMenuView.h */,
				A8646EFD20BD107D00B7FCE9 /* LDMenuView.m */,
				A8646EFF20BD108D00B7FCE9 /* LDMenuItemLabel.h */,
				A8646F0020BD108D00B7FCE9 /* LDMenuItemLabel.m */,
			);
			path = LDMenu;
			sourceTree = "<group>";
		};
/* End PBXGroup section */

/* Begin PBXNativeTarget section */
		A8646EAE20BB9CEF00B7FCE9 /* LDPagesViewController */ = {
			isa = PBXNativeTarget;
			buildConfigurationList = A8646EC520BB9CF000B7FCE9 /* Build configuration list for PBXNativeTarget "LDPagesViewController" */;
			buildPhases = (
				A8646EAB20BB9CEF00B7FCE9 /* Sources */,
				A8646EAC20BB9CEF00B7FCE9 /* Frameworks */,
				A8646EAD20BB9CEF00B7FCE9 /* Resources */,
			);
			buildRules = (
			);
			dependencies = (
			);
			name = LDPagesViewController;
			productName = LDPagesViewController;
			productReference = A8646EAF20BB9CEF00B7FCE9 /* LDPagesViewController.app */;
			productType = "com.apple.product-type.application";
		};
/* End PBXNativeTarget section */

/* Begin PBXProject section */
		A8646EA720BB9CEF00B7FCE9 /* Project object */ = {
			isa = PBXProject;
			attributes = {
				LastUpgradeCheck = 0930;
				ORGANIZATIONNAME = cxs;
				TargetAttributes = {
					A8646EAE20BB9CEF00B7FCE9 = {
						CreatedOnToolsVersion = 9.3;
					};
				};
			};
			buildConfigurationList = A8646EAA20BB9CEF00B7FCE9 /* Build configuration list for PBXProject "LDPagesViewController" */;
			compatibilityVersion = "Xcode 9.3";
			developmentRegion = en;
			hasScannedForEncodings = 0;
			knownRegions = (
				en,
				Base,
			);
			mainGroup = A8646EA620BB9CEF00B7FCE9;
			productRefGroup = A8646EB020BB9CEF00B7FCE9 /* Products */;
			projectDirPath = "";
			projectRoot = "";
			targets = (
				A8646EAE20BB9CEF00B7FCE9 /* LDPagesViewController */,
			);
		};
/* End PBXProject section */

/* Begin PBXResourcesBuildPhase section */
		A8646EAD20BB9CEF00B7FCE9 /* Resources */ = {
			isa = PBXResourcesBuildPhase;
			buildActionMask = 2147483647;
			files = (
				A87692FD20D0BFF500B9F78E /* UserInterfaceState.xcuserstate in Resources */,
				A8646EBF20BB9CF000B7FCE9 /* LaunchScreen.storyboard in Resources */,
				A8646EBC20BB9CF000B7FCE9 /* Assets.xcassets in Resources */,
				A8646EBA20BB9CEF00B7FCE9 /* Main.storyboard in Resources */,
			);
			runOnlyForDeploymentPostprocessing = 0;
		};
/* End PBXResourcesBuildPhase section */

/* Begin PBXSourcesBuildPhase section */
		A8646EAB20BB9CEF00B7FCE9 /* Sources */ = {
			isa = PBXSourcesBuildPhase;
			buildActionMask = 2147483647;
			files = (
				A8646EB720BB9CEF00B7FCE9 /* ViewController.m in Sources */,
				A8646EF620BBF0B000B7FCE9 /* UIDevice+Tool.m in Sources */,
				A8646F0120BD108D00B7FCE9 /* LDMenuItemLabel.m in Sources */,
				A8646EFA20BD096E00B7FCE9 /* TableViewController.m in Sources */,
				A8646ECB20BB9D6700B7FCE9 /* LDPagesViewController.m in Sources */,
				A8646EFE20BD107D00B7FCE9 /* LDMenuView.m in Sources */,
				A8646EDA20BBEF3100B7FCE9 /* QTHomeViewController.m in Sources */,
				A8646EC220BB9CF000B7FCE9 /* main.m in Sources */,
				A8646EB420BB9CEF00B7FCE9 /* AppDelegate.m in Sources */,
				A8646ED420BBC1B800B7FCE9 /* UIColor+Tool.m in Sources */,
			);
			runOnlyForDeploymentPostprocessing = 0;
		};
/* End PBXSourcesBuildPhase section */

/* Begin PBXVariantGroup section */
		A8646EB820BB9CEF00B7FCE9 /* Main.storyboard */ = {
			isa = PBXVariantGroup;
			children = (
				A8646EB920BB9CEF00B7FCE9 /* Base */,
			);
			name = Main.storyboard;
			sourceTree = "<group>";
		};
		A8646EBD20BB9CF000B7FCE9 /* LaunchScreen.storyboard */ = {
			isa = PBXVariantGroup;
			children = (
				A8646EBE20BB9CF000B7FCE9 /* Base */,
			);
			name = LaunchScreen.storyboard;
			sourceTree = "<group>";
		};
/* End PBXVariantGroup section */

/* Begin XCBuildConfiguration section */
		A8646EC320BB9CF000B7FCE9 /* Debug */ = {
			isa = XCBuildConfiguration;
			buildSettings = {
				ALWAYS_SEARCH_USER_PATHS = NO;
				CLANG_ANALYZER_NONNULL = YES;
				CLANG_ANALYZER_NUMBER_OBJECT_CONVERSION = YES_AGGRESSIVE;
				CLANG_CXX_LANGUAGE_STANDARD = "gnu++14";
				CLANG_CXX_LIBRARY = "libc++";
				CLANG_ENABLE_MODULES = YES;
				CLANG_ENABLE_OBJC_ARC = YES;
				CLANG_ENABLE_OBJC_WEAK = YES;
				CLANG_WARN_BLOCK_CAPTURE_AUTORELEASING = YES;
				CLANG_WARN_BOOL_CONVERSION = YES;
				CLANG_WARN_COMMA = YES;
				CLANG_WARN_CONSTANT_CONVERSION = YES;
				CLANG_WARN_DEPRECATED_OBJC_IMPLEMENTATIONS = YES;
				CLANG_WARN_DIRECT_OBJC_ISA_USAGE = YES_ERROR;
				CLANG_WARN_DOCUMENTATION_COMMENTS = YES;
				CLANG_WARN_EMPTY_BODY = YES;
				CLANG_WARN_ENUM_CONVERSION = YES;
				CLANG_WARN_INFINITE_RECURSION = YES;
				CLANG_WARN_INT_CONVERSION = YES;
				CLANG_WARN_NON_LITERAL_NULL_CONVERSION = YES;
				CLANG_WARN_OBJC_IMPLICIT_RETAIN_SELF = YES;
				CLANG_WARN_OBJC_LITERAL_CONVERSION = YES;
				CLANG_WARN_OBJC_ROOT_CLASS = YES_ERROR;
				CLANG_WARN_RANGE_LOOP_ANALYSIS = YES;
				CLANG_WARN_STRICT_PROTOTYPES = YES;
				CLANG_WARN_SUSPICIOUS_MOVE = YES;
				CLANG_WARN_UNGUARDED_AVAILABILITY = YES_AGGRESSIVE;
				CLANG_WARN_UNREACHABLE_CODE = YES;
				CLANG_WARN__DUPLICATE_METHOD_MATCH = YES;
				CODE_SIGN_IDENTITY = "iPhone Developer";
				COPY_PHASE_STRIP = NO;
				DEBUG_INFORMATION_FORMAT = dwarf;
				ENABLE_STRICT_OBJC_MSGSEND = YES;
				ENABLE_TESTABILITY = YES;
				GCC_C_LANGUAGE_STANDARD = gnu11;
				GCC_DYNAMIC_NO_PIC = NO;
				GCC_NO_COMMON_BLOCKS = YES;
				GCC_OPTIMIZATION_LEVEL = 0;
				GCC_PREPROCESSOR_DEFINITIONS = (
					"DEBUG=1",
					"$(inherited)",
				);
				GCC_WARN_64_TO_32_BIT_CONVERSION = YES;
				GCC_WARN_ABOUT_RETURN_TYPE = YES_ERROR;
				GCC_WARN_UNDECLARED_SELECTOR = YES;
				GCC_WARN_UNINITIALIZED_AUTOS = YES_AGGRESSIVE;
				GCC_WARN_UNUSED_FUNCTION = YES;
				GCC_WARN_UNUSED_VARIABLE = YES;
				IPHONEOS_DEPLOYMENT_TARGET = 11.3;
				MTL_ENABLE_DEBUG_INFO = YES;
				ONLY_ACTIVE_ARCH = YES;
				SDKROOT = iphoneos;
			};
			name = Debug;
		};
		A8646EC420BB9CF000B7FCE9 /* Release */ = {
			isa = XCBuildConfiguration;
			buildSettings = {
				ALWAYS_SEARCH_USER_PATHS = NO;
				CLANG_ANALYZER_NONNULL = YES;
				CLANG_ANALYZER_NUMBER_OBJECT_CONVERSION = YES_AGGRESSIVE;
				CLANG_CXX_LANGUAGE_STANDARD = "gnu++14";
				CLANG_CXX_LIBRARY = "libc++";
				CLANG_ENABLE_MODULES = YES;
				CLANG_ENABLE_OBJC_ARC = YES;
				CLANG_ENABLE_OBJC_WEAK = YES;
				CLANG_WARN_BLOCK_CAPTURE_AUTORELEASING = YES;
				CLANG_WARN_BOOL_CONVERSION = YES;
				CLANG_WARN_COMMA = YES;
				CLANG_WARN_CONSTANT_CONVERSION = YES;
				CLANG_WARN_DEPRECATED_OBJC_IMPLEMENTATIONS = YES;
				CLANG_WARN_DIRECT_OBJC_ISA_USAGE = YES_ERROR;
				CLANG_WARN_DOCUMENTATION_COMMENTS = YES;
				CLANG_WARN_EMPTY_BODY = YES;
				CLANG_WARN_ENUM_CONVERSION = YES;
				CLANG_WARN_INFINITE_RECURSION = YES;
				CLANG_WARN_INT_CONVERSION = YES;
				CLANG_WARN_NON_LITERAL_NULL_CONVERSION = YES;
				CLANG_WARN_OBJC_IMPLICIT_RETAIN_SELF = YES;
				CLANG_WARN_OBJC_LITERAL_CONVERSION = YES;
				CLANG_WARN_OBJC_ROOT_CLASS = YES_ERROR;
				CLANG_WARN_RANGE_LOOP_ANALYSIS = YES;
				CLANG_WARN_STRICT_PROTOTYPES = YES;
				CLANG_WARN_SUSPICIOUS_MOVE = YES;
				CLANG_WARN_UNGUARDED_AVAILABILITY = YES_AGGRESSIVE;
				CLANG_WARN_UNREACHABLE_CODE = YES;
				CLANG_WARN__DUPLICATE_METHOD_MATCH = YES;
				CODE_SIGN_IDENTITY = "iPhone Developer";
				COPY_PHASE_STRIP = NO;
				DEBUG_INFORMATION_FORMAT = "dwarf-with-dsym";
				ENABLE_NS_ASSERTIONS = NO;
				ENABLE_STRICT_OBJC_MSGSEND = YES;
				GCC_C_LANGUAGE_STANDARD = gnu11;
				GCC_NO_COMMON_BLOCKS = YES;
				GCC_WARN_64_TO_32_BIT_CONVERSION = YES;
				GCC_WARN_ABOUT_RETURN_TYPE = YES_ERROR;
				GCC_WARN_UNDECLARED_SELECTOR = YES;
				GCC_WARN_UNINITIALIZED_AUTOS = YES_AGGRESSIVE;
				GCC_WARN_UNUSED_FUNCTION = YES;
				GCC_WARN_UNUSED_VARIABLE = YES;
				IPHONEOS_DEPLOYMENT_TARGET = 11.3;
				MTL_ENABLE_DEBUG_INFO = NO;
				SDKROOT = iphoneos;
				VALIDATE_PRODUCT = YES;
			};
			name = Release;
		};
		A8646EC620BB9CF000B7FCE9 /* Debug */ = {
			isa = XCBuildConfiguration;
			buildSettings = {
				ASSETCATALOG_COMPILER_APPICON_NAME = AppIcon;
				CODE_SIGN_STYLE = Automatic;
				DEVELOPMENT_TEAM = PGS44TR36V;
				GCC_PREFIX_HEADER = LDPagesViewController/PrefixHeader.pch;
				INFOPLIST_FILE = LDPagesViewController/Info.plist;
				IPHONEOS_DEPLOYMENT_TARGET = 10.0;
				LD_RUNPATH_SEARCH_PATHS = (
					"$(inherited)",
					"@executable_path/Frameworks",
				);
				PRODUCT_BUNDLE_IDENTIFIER = littledou.com.LDPagesViewController;
				PRODUCT_NAME = "$(TARGET_NAME)";
				TARGETED_DEVICE_FAMILY = "1,2";
			};
			name = Debug;
		};
		A8646EC720BB9CF000B7FCE9 /* Release */ = {
			isa = XCBuildConfiguration;
			buildSettings = {
				ASSETCATALOG_COMPILER_APPICON_NAME = AppIcon;
				CODE_SIGN_STYLE = Automatic;
				DEVELOPMENT_TEAM = PGS44TR36V;
				GCC_PREFIX_HEADER = LDPagesViewController/PrefixHeader.pch;
				INFOPLIST_FILE = LDPagesViewController/Info.plist;
				IPHONEOS_DEPLOYMENT_TARGET = 10.0;
				LD_RUNPATH_SEARCH_PATHS = (
					"$(inherited)",
					"@executable_path/Frameworks",
				);
				PRODUCT_BUNDLE_IDENTIFIER = littledou.com.LDPagesViewController;
				PRODUCT_NAME = "$(TARGET_NAME)";
				TARGETED_DEVICE_FAMILY = "1,2";
			};
			name = Release;
		};
/* End XCBuildConfiguration section */

/* Begin XCConfigurationList section */
		A8646EAA20BB9CEF00B7FCE9 /* Build configuration list for PBXProject "LDPagesViewController" */ = {
			isa = XCConfigurationList;
			buildConfigurations = (
				A8646EC320BB9CF000B7FCE9 /* Debug */,
				A8646EC420BB9CF000B7FCE9 /* Release */,
			);
			defaultConfigurationIsVisible = 0;
			defaultConfigurationName = Release;
		};
		A8646EC520BB9CF000B7FCE9 /* Build configuration list for PBXNativeTarget "LDPagesViewController" */ = {
			isa = XCConfigurationList;
			buildConfigurations = (
				A8646EC620BB9CF000B7FCE9 /* Debug */,
				A8646EC720BB9CF000B7FCE9 /* Release */,
			);
			defaultConfigurationIsVisible = 0;
			defaultConfigurationName = Release;
		};
/* End XCConfigurationList section */
	};
	rootObject = A8646EA720BB9CEF00B7FCE9 /* Project object */;
}
